// !$*UTF8*$!
{
	archiveVersion = 1;
	classes = {
	};
	objectVersion = 56;
	objects = {

/* Begin PBXBuildFile section */
		3053A1FB2ACD63E500EB4CC2 /* AppDelegate.swift in Sources */ = {isa = PBXBuildFile; fileRef = 3053A1FA2ACD63E500EB4CC2 /* AppDelegate.swift */; };
		3053A1FD2ACD63E500EB4CC2 /* SceneDelegate.swift in Sources */ = {isa = PBXBuildFile; fileRef = 3053A1FC2ACD63E500EB4CC2 /* SceneDelegate.swift */; };
		3053A2042ACD63E700EB4CC2 /* Assets.xcassets in Resources */ = {isa = PBXBuildFile; fileRef = 3053A2032ACD63E700EB4CC2 /* Assets.xcassets */; };
		3053A2122ACD63E700EB4CC2 /* Pokemon_AppTests.swift in Sources */ = {isa = PBXBuildFile; fileRef = 3053A2112ACD63E700EB4CC2 /* Pokemon_AppTests.swift */; };
		3053A21C2ACD63E700EB4CC2 /* Pokemon_AppUITests.swift in Sources */ = {isa = PBXBuildFile; fileRef = 3053A21B2ACD63E700EB4CC2 /* Pokemon_AppUITests.swift */; };
		3053A21E2ACD63E700EB4CC2 /* Pokemon_AppUITestsLaunchTests.swift in Sources */ = {isa = PBXBuildFile; fileRef = 3053A21D2ACD63E700EB4CC2 /* Pokemon_AppUITestsLaunchTests.swift */; };
		3053A22C2ACD646800EB4CC2 /* BaseViewController.swift in Sources */ = {isa = PBXBuildFile; fileRef = 3053A22B2ACD646800EB4CC2 /* BaseViewController.swift */; };
		3053A22E2ACD677A00EB4CC2 /* SplashViewController.swift in Sources */ = {isa = PBXBuildFile; fileRef = 3053A22D2ACD677A00EB4CC2 /* SplashViewController.swift */; };
		3053A2312ACD6E8900EB4CC2 /* Splash.storyboard in Resources */ = {isa = PBXBuildFile; fileRef = 3053A2302ACD6E8900EB4CC2 /* Splash.storyboard */; };
		3053A2342ACD71B100EB4CC2 /* Reachability in Frameworks */ = {isa = PBXBuildFile; productRef = 3053A2332ACD71B100EB4CC2 /* Reachability */; };
		3053A2372ACD791C00EB4CC2 /* BaseCoordinator.swift in Sources */ = {isa = PBXBuildFile; fileRef = 3053A2362ACD791C00EB4CC2 /* BaseCoordinator.swift */; };
		3053A2392ACD795400EB4CC2 /* ApplicationCoordinator.swift in Sources */ = {isa = PBXBuildFile; fileRef = 3053A2382ACD795400EB4CC2 /* ApplicationCoordinator.swift */; };
		3053A23C2ACD7C9E00EB4CC2 /* HomeViewController.swift in Sources */ = {isa = PBXBuildFile; fileRef = 3053A23B2ACD7C9E00EB4CC2 /* HomeViewController.swift */; };
		3053A2402ACD7D0D00EB4CC2 /* HomeCoordinator.swift in Sources */ = {isa = PBXBuildFile; fileRef = 3053A23F2ACD7D0D00EB4CC2 /* HomeCoordinator.swift */; };
		3053A2442ACD93D700EB4CC2 /* SearchViewController.swift in Sources */ = {isa = PBXBuildFile; fileRef = 3053A2432ACD93D700EB4CC2 /* SearchViewController.swift */; };
		3053A2462ACD96B100EB4CC2 /* Search.storyboard in Resources */ = {isa = PBXBuildFile; fileRef = 3053A2452ACD96B100EB4CC2 /* Search.storyboard */; };
		3053A2482ACD983000EB4CC2 /* Favorites.storyboard in Resources */ = {isa = PBXBuildFile; fileRef = 3053A2472ACD983000EB4CC2 /* Favorites.storyboard */; };
		3053A24A2ACD983900EB4CC2 /* FavoritesViewController.swift in Sources */ = {isa = PBXBuildFile; fileRef = 3053A2492ACD983900EB4CC2 /* FavoritesViewController.swift */; };
		30802DD72ACDE5B100686A35 /* BaseViewModel.swift in Sources */ = {isa = PBXBuildFile; fileRef = 30802DD62ACDE5B100686A35 /* BaseViewModel.swift */; };
		30802DDC2ACDE77D00686A35 /* RxSwift in Frameworks */ = {isa = PBXBuildFile; productRef = 30802DDB2ACDE77D00686A35 /* RxSwift */; };
		30802DE02ACE0EC600686A35 /* CardsView.swift in Sources */ = {isa = PBXBuildFile; fileRef = 30802DDF2ACE0EC600686A35 /* CardsView.swift */; };
		30802DE32ACE14BC00686A35 /* UIView+Extensions.swift in Sources */ = {isa = PBXBuildFile; fileRef = 30802DE22ACE14BC00686A35 /* UIView+Extensions.swift */; };
		30802DE92ACE2C9700686A35 /* CardsView.xib in Resources */ = {isa = PBXBuildFile; fileRef = 30802DE82ACE2C9700686A35 /* CardsView.xib */; };
		30802DEC2ACEAFCE00686A35 /* CardsViewCell.swift in Sources */ = {isa = PBXBuildFile; fileRef = 30802DEB2ACEAFCE00686A35 /* CardsViewCell.swift */; };
		30802DEE2ACEB03000686A35 /* CardsViewCell.xib in Resources */ = {isa = PBXBuildFile; fileRef = 30802DED2ACEB03000686A35 /* CardsViewCell.xib */; };
		30802DF02ACEC2D400686A35 /* UIImageView+Extensions.swift in Sources */ = {isa = PBXBuildFile; fileRef = 30802DEF2ACEC2D400686A35 /* UIImageView+Extensions.swift */; };
		30802DF32ACEC2FC00686A35 /* AlamofireImage in Frameworks */ = {isa = PBXBuildFile; productRef = 30802DF22ACEC2FC00686A35 /* AlamofireImage */; };
		30802DF62ACECAF900686A35 /* CardsResult.swift in Sources */ = {isa = PBXBuildFile; fileRef = 30802DF52ACECAF900686A35 /* CardsResult.swift */; };
		30802DF92ACECE2C00686A35 /* NetworkLayer.swift in Sources */ = {isa = PBXBuildFile; fileRef = 30802DF82ACECE2C00686A35 /* NetworkLayer.swift */; };
		30802DFC2ACECE9200686A35 /* CardRepository.swift in Sources */ = {isa = PBXBuildFile; fileRef = 30802DFB2ACECE9200686A35 /* CardRepository.swift */; };
		30802DFF2ACED0A800686A35 /* SearchResultsViewController.swift in Sources */ = {isa = PBXBuildFile; fileRef = 30802DFE2ACED0A800686A35 /* SearchResultsViewController.swift */; };
		30802E012ACED0B200686A35 /* SearchResults.storyboard in Resources */ = {isa = PBXBuildFile; fileRef = 30802E002ACED0B200686A35 /* SearchResults.storyboard */; };
		30802E032ACEDB6C00686A35 /* SearchViewModel.swift in Sources */ = {isa = PBXBuildFile; fileRef = 30802E022ACEDB6C00686A35 /* SearchViewModel.swift */; };
		30802E062ACEF4BA00686A35 /* CardDetailViewController.swift in Sources */ = {isa = PBXBuildFile; fileRef = 30802E052ACEF4BA00686A35 /* CardDetailViewController.swift */; };
		30802E082ACEF4C300686A35 /* CardDetailView.storyboard in Resources */ = {isa = PBXBuildFile; fileRef = 30802E072ACEF4C300686A35 /* CardDetailView.storyboard */; };
		30802E0C2AD01C2900686A35 /* DataModel.xcdatamodeld in Sources */ = {isa = PBXBuildFile; fileRef = 30802E0A2AD01C2900686A35 /* DataModel.xcdatamodeld */; };
		30802E112AD01E1400686A35 /* FavoritesManager.swift in Sources */ = {isa = PBXBuildFile; fileRef = 30802E102AD01E1400686A35 /* FavoritesManager.swift */; };
		30802E132AD02C4100686A35 /* CardDetailViewModel.swift in Sources */ = {isa = PBXBuildFile; fileRef = 30802E122AD02C4100686A35 /* CardDetailViewModel.swift */; };
/* End PBXBuildFile section */

/* Begin PBXContainerItemProxy section */
		3053A20E2ACD63E700EB4CC2 /* PBXContainerItemProxy */ = {
			isa = PBXContainerItemProxy;
			containerPortal = 3053A1EF2ACD63E500EB4CC2 /* Project object */;
			proxyType = 1;
			remoteGlobalIDString = 3053A1F62ACD63E500EB4CC2;
			remoteInfo = "Pokemon App";
		};
		3053A2182ACD63E700EB4CC2 /* PBXContainerItemProxy */ = {
			isa = PBXContainerItemProxy;
			containerPortal = 3053A1EF2ACD63E500EB4CC2 /* Project object */;
			proxyType = 1;
			remoteGlobalIDString = 3053A1F62ACD63E500EB4CC2;
			remoteInfo = "Pokemon App";
		};
/* End PBXContainerItemProxy section */

/* Begin PBXFileReference section */
		3053A1F72ACD63E500EB4CC2 /* Pokemon App.app */ = {isa = PBXFileReference; explicitFileType = wrapper.application; includeInIndex = 0; path = "Pokemon App.app"; sourceTree = BUILT_PRODUCTS_DIR; };
		3053A1FA2ACD63E500EB4CC2 /* AppDelegate.swift */ = {isa = PBXFileReference; lastKnownFileType = sourcecode.swift; path = AppDelegate.swift; sourceTree = "<group>"; };
		3053A1FC2ACD63E500EB4CC2 /* SceneDelegate.swift */ = {isa = PBXFileReference; lastKnownFileType = sourcecode.swift; path = SceneDelegate.swift; sourceTree = "<group>"; };
		3053A2032ACD63E700EB4CC2 /* Assets.xcassets */ = {isa = PBXFileReference; lastKnownFileType = folder.assetcatalog; path = Assets.xcassets; sourceTree = "<group>"; };
		3053A2082ACD63E700EB4CC2 /* Info.plist */ = {isa = PBXFileReference; lastKnownFileType = text.plist.xml; path = Info.plist; sourceTree = "<group>"; };
		3053A20D2ACD63E700EB4CC2 /* Pokemon AppTests.xctest */ = {isa = PBXFileReference; explicitFileType = wrapper.cfbundle; includeInIndex = 0; path = "Pokemon AppTests.xctest"; sourceTree = BUILT_PRODUCTS_DIR; };
		3053A2112ACD63E700EB4CC2 /* Pokemon_AppTests.swift */ = {isa = PBXFileReference; lastKnownFileType = sourcecode.swift; path = Pokemon_AppTests.swift; sourceTree = "<group>"; };
		3053A2172ACD63E700EB4CC2 /* Pokemon AppUITests.xctest */ = {isa = PBXFileReference; explicitFileType = wrapper.cfbundle; includeInIndex = 0; path = "Pokemon AppUITests.xctest"; sourceTree = BUILT_PRODUCTS_DIR; };
		3053A21B2ACD63E700EB4CC2 /* Pokemon_AppUITests.swift */ = {isa = PBXFileReference; lastKnownFileType = sourcecode.swift; path = Pokemon_AppUITests.swift; sourceTree = "<group>"; };
		3053A21D2ACD63E700EB4CC2 /* Pokemon_AppUITestsLaunchTests.swift */ = {isa = PBXFileReference; lastKnownFileType = sourcecode.swift; path = Pokemon_AppUITestsLaunchTests.swift; sourceTree = "<group>"; };
		3053A22B2ACD646800EB4CC2 /* BaseViewController.swift */ = {isa = PBXFileReference; lastKnownFileType = sourcecode.swift; path = BaseViewController.swift; sourceTree = "<group>"; };
		3053A22D2ACD677A00EB4CC2 /* SplashViewController.swift */ = {isa = PBXFileReference; lastKnownFileType = sourcecode.swift; path = SplashViewController.swift; sourceTree = "<group>"; };
		3053A2302ACD6E8900EB4CC2 /* Splash.storyboard */ = {isa = PBXFileReference; lastKnownFileType = file.storyboard; path = Splash.storyboard; sourceTree = "<group>"; };
		3053A2362ACD791C00EB4CC2 /* BaseCoordinator.swift */ = {isa = PBXFileReference; lastKnownFileType = sourcecode.swift; path = BaseCoordinator.swift; sourceTree = "<group>"; };
		3053A2382ACD795400EB4CC2 /* ApplicationCoordinator.swift */ = {isa = PBXFileReference; lastKnownFileType = sourcecode.swift; path = ApplicationCoordinator.swift; sourceTree = "<group>"; };
		3053A23B2ACD7C9E00EB4CC2 /* HomeViewController.swift */ = {isa = PBXFileReference; lastKnownFileType = sourcecode.swift; path = HomeViewController.swift; sourceTree = "<group>"; };
		3053A23F2ACD7D0D00EB4CC2 /* HomeCoordinator.swift */ = {isa = PBXFileReference; lastKnownFileType = sourcecode.swift; path = HomeCoordinator.swift; sourceTree = "<group>"; };
		3053A2432ACD93D700EB4CC2 /* SearchViewController.swift */ = {isa = PBXFileReference; lastKnownFileType = sourcecode.swift; path = SearchViewController.swift; sourceTree = "<group>"; };
		3053A2452ACD96B100EB4CC2 /* Search.storyboard */ = {isa = PBXFileReference; lastKnownFileType = file.storyboard; path = Search.storyboard; sourceTree = "<group>"; };
		3053A2472ACD983000EB4CC2 /* Favorites.storyboard */ = {isa = PBXFileReference; lastKnownFileType = file.storyboard; path = Favorites.storyboard; sourceTree = "<group>"; };
		3053A2492ACD983900EB4CC2 /* FavoritesViewController.swift */ = {isa = PBXFileReference; lastKnownFileType = sourcecode.swift; path = FavoritesViewController.swift; sourceTree = "<group>"; };
		30802DD62ACDE5B100686A35 /* BaseViewModel.swift */ = {isa = PBXFileReference; lastKnownFileType = sourcecode.swift; path = BaseViewModel.swift; sourceTree = "<group>"; };
		30802DDF2ACE0EC600686A35 /* CardsView.swift */ = {isa = PBXFileReference; lastKnownFileType = sourcecode.swift; path = CardsView.swift; sourceTree = "<group>"; };
		30802DE22ACE14BC00686A35 /* UIView+Extensions.swift */ = {isa = PBXFileReference; lastKnownFileType = sourcecode.swift; path = "UIView+Extensions.swift"; sourceTree = "<group>"; };
		30802DE82ACE2C9700686A35 /* CardsView.xib */ = {isa = PBXFileReference; lastKnownFileType = file.xib; path = CardsView.xib; sourceTree = "<group>"; };
		30802DEB2ACEAFCE00686A35 /* CardsViewCell.swift */ = {isa = PBXFileReference; lastKnownFileType = sourcecode.swift; path = CardsViewCell.swift; sourceTree = "<group>"; };
		30802DED2ACEB03000686A35 /* CardsViewCell.xib */ = {isa = PBXFileReference; lastKnownFileType = file.xib; path = CardsViewCell.xib; sourceTree = "<group>"; };
		30802DEF2ACEC2D400686A35 /* UIImageView+Extensions.swift */ = {isa = PBXFileReference; lastKnownFileType = sourcecode.swift; path = "UIImageView+Extensions.swift"; sourceTree = "<group>"; };
		30802DF52ACECAF900686A35 /* CardsResult.swift */ = {isa = PBXFileReference; lastKnownFileType = sourcecode.swift; path = CardsResult.swift; sourceTree = "<group>"; };
		30802DF82ACECE2C00686A35 /* NetworkLayer.swift */ = {isa = PBXFileReference; lastKnownFileType = sourcecode.swift; path = NetworkLayer.swift; sourceTree = "<group>"; };
		30802DFB2ACECE9200686A35 /* CardRepository.swift */ = {isa = PBXFileReference; lastKnownFileType = sourcecode.swift; path = CardRepository.swift; sourceTree = "<group>"; };
		30802DFE2ACED0A800686A35 /* SearchResultsViewController.swift */ = {isa = PBXFileReference; lastKnownFileType = sourcecode.swift; path = SearchResultsViewController.swift; sourceTree = "<group>"; };
		30802E002ACED0B200686A35 /* SearchResults.storyboard */ = {isa = PBXFileReference; lastKnownFileType = file.storyboard; path = SearchResults.storyboard; sourceTree = "<group>"; };
		30802E022ACEDB6C00686A35 /* SearchViewModel.swift */ = {isa = PBXFileReference; lastKnownFileType = sourcecode.swift; path = SearchViewModel.swift; sourceTree = "<group>"; };
		30802E052ACEF4BA00686A35 /* CardDetailViewController.swift */ = {isa = PBXFileReference; lastKnownFileType = sourcecode.swift; path = CardDetailViewController.swift; sourceTree = "<group>"; };
		30802E072ACEF4C300686A35 /* CardDetailView.storyboard */ = {isa = PBXFileReference; lastKnownFileType = file.storyboard; path = CardDetailView.storyboard; sourceTree = "<group>"; };
		30802E0B2AD01C2900686A35 /* DataModel.xcdatamodel */ = {isa = PBXFileReference; lastKnownFileType = wrapper.xcdatamodel; path = DataModel.xcdatamodel; sourceTree = "<group>"; };
		30802E102AD01E1400686A35 /* FavoritesManager.swift */ = {isa = PBXFileReference; lastKnownFileType = sourcecode.swift; path = FavoritesManager.swift; sourceTree = "<group>"; };
		30802E122AD02C4100686A35 /* CardDetailViewModel.swift */ = {isa = PBXFileReference; lastKnownFileType = sourcecode.swift; path = CardDetailViewModel.swift; sourceTree = "<group>"; };
/* End PBXFileReference section */

/* Begin PBXFrameworksBuildPhase section */
		3053A1F42ACD63E500EB4CC2 /* Frameworks */ = {
			isa = PBXFrameworksBuildPhase;
			buildActionMask = 2147483647;
			files = (
				30802DDC2ACDE77D00686A35 /* RxSwift in Frameworks */,
				3053A2342ACD71B100EB4CC2 /* Reachability in Frameworks */,
				30802DF32ACEC2FC00686A35 /* AlamofireImage in Frameworks */,
			);
			runOnlyForDeploymentPostprocessing = 0;
		};
		3053A20A2ACD63E700EB4CC2 /* Frameworks */ = {
			isa = PBXFrameworksBuildPhase;
			buildActionMask = 2147483647;
			files = (
			);
			runOnlyForDeploymentPostprocessing = 0;
		};
		3053A2142ACD63E700EB4CC2 /* Frameworks */ = {
			isa = PBXFrameworksBuildPhase;
			buildActionMask = 2147483647;
			files = (
			);
			runOnlyForDeploymentPostprocessing = 0;
		};
/* End PBXFrameworksBuildPhase section */

/* Begin PBXGroup section */
		3053A1EE2ACD63E500EB4CC2 = {
			isa = PBXGroup;
			children = (
				3053A1F92ACD63E500EB4CC2 /* Pokemon App */,
				3053A2102ACD63E700EB4CC2 /* Pokemon AppTests */,
				3053A21A2ACD63E700EB4CC2 /* Pokemon AppUITests */,
				3053A1F82ACD63E500EB4CC2 /* Products */,
				30802DDA2ACDE77D00686A35 /* Frameworks */,
			);
			sourceTree = "<group>";
		};
		3053A1F82ACD63E500EB4CC2 /* Products */ = {
			isa = PBXGroup;
			children = (
				3053A1F72ACD63E500EB4CC2 /* Pokemon App.app */,
				3053A20D2ACD63E700EB4CC2 /* Pokemon AppTests.xctest */,
				3053A2172ACD63E700EB4CC2 /* Pokemon AppUITests.xctest */,
			);
			name = Products;
			sourceTree = "<group>";
		};
		3053A1F92ACD63E500EB4CC2 /* Pokemon App */ = {
			isa = PBXGroup;
			children = (
				30802E092AD01AC600686A35 /* Data */,
				3053A2352ACD791200EB4CC2 /* Coordinator */,
				3053A22A2ACD645E00EB4CC2 /* Scenes */,
				30802DF42ACECAE600686A35 /* Model */,
				30802DF72ACECE1B00686A35 /* Network */,
				30802DD52ACDE59F00686A35 /* ViewModel */,
				30802DDD2ACE0A6500686A35 /* View */,
				30802DE12ACE14AF00686A35 /* Extensions */,
				30802E0F2AD01E0700686A35 /* Utils */,
				3053A1FA2ACD63E500EB4CC2 /* AppDelegate.swift */,
				3053A1FC2ACD63E500EB4CC2 /* SceneDelegate.swift */,
				3053A2032ACD63E700EB4CC2 /* Assets.xcassets */,
				3053A2082ACD63E700EB4CC2 /* Info.plist */,
			);
			path = "Pokemon App";
			sourceTree = "<group>";
		};
		3053A2102ACD63E700EB4CC2 /* Pokemon AppTests */ = {
			isa = PBXGroup;
			children = (
				3053A2112ACD63E700EB4CC2 /* Pokemon_AppTests.swift */,
			);
			path = "Pokemon AppTests";
			sourceTree = "<group>";
		};
		3053A21A2ACD63E700EB4CC2 /* Pokemon AppUITests */ = {
			isa = PBXGroup;
			children = (
				3053A21B2ACD63E700EB4CC2 /* Pokemon_AppUITests.swift */,
				3053A21D2ACD63E700EB4CC2 /* Pokemon_AppUITestsLaunchTests.swift */,
			);
			path = "Pokemon AppUITests";
			sourceTree = "<group>";
		};
		3053A22A2ACD645E00EB4CC2 /* Scenes */ = {
			isa = PBXGroup;
			children = (
				3053A22F2ACD6E7900EB4CC2 /* Splash */,
				3053A23A2ACD7C9000EB4CC2 /* Home */,
				30802E042ACEF4A900686A35 /* CardDetail */,
				3053A22B2ACD646800EB4CC2 /* BaseViewController.swift */,
			);
			path = Scenes;
			sourceTree = "<group>";
		};
		3053A22F2ACD6E7900EB4CC2 /* Splash */ = {
			isa = PBXGroup;
			children = (
				3053A22D2ACD677A00EB4CC2 /* SplashViewController.swift */,
				3053A2302ACD6E8900EB4CC2 /* Splash.storyboard */,
			);
			path = Splash;
			sourceTree = "<group>";
		};
		3053A2352ACD791200EB4CC2 /* Coordinator */ = {
			isa = PBXGroup;
			children = (
				3053A2362ACD791C00EB4CC2 /* BaseCoordinator.swift */,
				3053A2382ACD795400EB4CC2 /* ApplicationCoordinator.swift */,
				3053A23F2ACD7D0D00EB4CC2 /* HomeCoordinator.swift */,
			);
			path = Coordinator;
			sourceTree = "<group>";
		};
		3053A23A2ACD7C9000EB4CC2 /* Home */ = {
			isa = PBXGroup;
			children = (
				30802DFD2ACED09A00686A35 /* SearchResults */,
				3053A2412ACD936800EB4CC2 /* Search */,
				3053A2422ACD936D00EB4CC2 /* Favorites */,
				3053A23B2ACD7C9E00EB4CC2 /* HomeViewController.swift */,
			);
			path = Home;
			sourceTree = "<group>";
		};
		3053A2412ACD936800EB4CC2 /* Search */ = {
			isa = PBXGroup;
			children = (
				3053A2432ACD93D700EB4CC2 /* SearchViewController.swift */,
				3053A2452ACD96B100EB4CC2 /* Search.storyboard */,
			);
			path = Search;
			sourceTree = "<group>";
		};
		3053A2422ACD936D00EB4CC2 /* Favorites */ = {
			isa = PBXGroup;
			children = (
				3053A2492ACD983900EB4CC2 /* FavoritesViewController.swift */,
				3053A2472ACD983000EB4CC2 /* Favorites.storyboard */,
			);
			path = Favorites;
			sourceTree = "<group>";
		};
		30802DD52ACDE59F00686A35 /* ViewModel */ = {
			isa = PBXGroup;
			children = (
				30802DD62ACDE5B100686A35 /* BaseViewModel.swift */,
				30802E022ACEDB6C00686A35 /* SearchViewModel.swift */,
				30802E122AD02C4100686A35 /* CardDetailViewModel.swift */,
			);
			path = ViewModel;
			sourceTree = "<group>";
		};
		30802DDA2ACDE77D00686A35 /* Frameworks */ = {
			isa = PBXGroup;
			children = (
			);
			name = Frameworks;
			sourceTree = "<group>";
		};
		30802DDD2ACE0A6500686A35 /* View */ = {
			isa = PBXGroup;
			children = (
				30802DDE2ACE0EB900686A35 /* Cards */,
			);
			path = View;
			sourceTree = "<group>";
		};
		30802DDE2ACE0EB900686A35 /* Cards */ = {
			isa = PBXGroup;
			children = (
				30802DEA2ACEAFC300686A35 /* Cell */,
				30802DDF2ACE0EC600686A35 /* CardsView.swift */,
				30802DE82ACE2C9700686A35 /* CardsView.xib */,
			);
			path = Cards;
			sourceTree = "<group>";
		};
		30802DE12ACE14AF00686A35 /* Extensions */ = {
			isa = PBXGroup;
			children = (
				30802DE22ACE14BC00686A35 /* UIView+Extensions.swift */,
				30802DEF2ACEC2D400686A35 /* UIImageView+Extensions.swift */,
			);
			path = Extensions;
			sourceTree = "<group>";
		};
		30802DEA2ACEAFC300686A35 /* Cell */ = {
			isa = PBXGroup;
			children = (
				30802DEB2ACEAFCE00686A35 /* CardsViewCell.swift */,
				30802DED2ACEB03000686A35 /* CardsViewCell.xib */,
			);
			path = Cell;
			sourceTree = "<group>";
		};
		30802DF42ACECAE600686A35 /* Model */ = {
			isa = PBXGroup;
			children = (
				30802DFA2ACECE8100686A35 /* Repository */,
				30802DF52ACECAF900686A35 /* CardsResult.swift */,
			);
			path = Model;
			sourceTree = "<group>";
		};
		30802DF72ACECE1B00686A35 /* Network */ = {
			isa = PBXGroup;
			children = (
				30802DF82ACECE2C00686A35 /* NetworkLayer.swift */,
			);
			path = Network;
			sourceTree = "<group>";
		};
		30802DFA2ACECE8100686A35 /* Repository */ = {
			isa = PBXGroup;
			children = (
				30802DFB2ACECE9200686A35 /* CardRepository.swift */,
			);
			path = Repository;
			sourceTree = "<group>";
		};
		30802DFD2ACED09A00686A35 /* SearchResults */ = {
			isa = PBXGroup;
			children = (
				30802DFE2ACED0A800686A35 /* SearchResultsViewController.swift */,
				30802E002ACED0B200686A35 /* SearchResults.storyboard */,
			);
			path = SearchResults;
			sourceTree = "<group>";
		};
		30802E042ACEF4A900686A35 /* CardDetail */ = {
			isa = PBXGroup;
			children = (
				30802E052ACEF4BA00686A35 /* CardDetailViewController.swift */,
				30802E072ACEF4C300686A35 /* CardDetailView.storyboard */,
			);
			path = CardDetail;
			sourceTree = "<group>";
		};
		30802E092AD01AC600686A35 /* Data */ = {
			isa = PBXGroup;
			children = (
				30802E0A2AD01C2900686A35 /* DataModel.xcdatamodeld */,
			);
			path = Data;
			sourceTree = "<group>";
		};
		30802E0F2AD01E0700686A35 /* Utils */ = {
			isa = PBXGroup;
			children = (
				30802E102AD01E1400686A35 /* FavoritesManager.swift */,
			);
			path = Utils;
			sourceTree = "<group>";
		};
/* End PBXGroup section */

/* Begin PBXNativeTarget section */
		3053A1F62ACD63E500EB4CC2 /* Pokemon App */ = {
			isa = PBXNativeTarget;
			buildConfigurationList = 3053A2212ACD63E700EB4CC2 /* Build configuration list for PBXNativeTarget "Pokemon App" */;
			buildPhases = (
				3053A1F32ACD63E500EB4CC2 /* Sources */,
				3053A1F42ACD63E500EB4CC2 /* Frameworks */,
				3053A1F52ACD63E500EB4CC2 /* Resources */,
			);
			buildRules = (
			);
			dependencies = (
			);
			name = "Pokemon App";
			packageProductDependencies = (
				3053A2332ACD71B100EB4CC2 /* Reachability */,
				30802DDB2ACDE77D00686A35 /* RxSwift */,
				30802DF22ACEC2FC00686A35 /* AlamofireImage */,
			);
			productName = "Pokemon App";
			productReference = 3053A1F72ACD63E500EB4CC2 /* Pokemon App.app */;
			productType = "com.apple.product-type.application";
		};
		3053A20C2ACD63E700EB4CC2 /* Pokemon AppTests */ = {
			isa = PBXNativeTarget;
			buildConfigurationList = 3053A2242ACD63E700EB4CC2 /* Build configuration list for PBXNativeTarget "Pokemon AppTests" */;
			buildPhases = (
				3053A2092ACD63E700EB4CC2 /* Sources */,
				3053A20A2ACD63E700EB4CC2 /* Frameworks */,
				3053A20B2ACD63E700EB4CC2 /* Resources */,
			);
			buildRules = (
			);
			dependencies = (
				3053A20F2ACD63E700EB4CC2 /* PBXTargetDependency */,
			);
			name = "Pokemon AppTests";
			productName = "Pokemon AppTests";
			productReference = 3053A20D2ACD63E700EB4CC2 /* Pokemon AppTests.xctest */;
			productType = "com.apple.product-type.bundle.unit-test";
		};
		3053A2162ACD63E700EB4CC2 /* Pokemon AppUITests */ = {
			isa = PBXNativeTarget;
			buildConfigurationList = 3053A2272ACD63E700EB4CC2 /* Build configuration list for PBXNativeTarget "Pokemon AppUITests" */;
			buildPhases = (
				3053A2132ACD63E700EB4CC2 /* Sources */,
				3053A2142ACD63E700EB4CC2 /* Frameworks */,
				3053A2152ACD63E700EB4CC2 /* Resources */,
			);
			buildRules = (
			);
			dependencies = (
				3053A2192ACD63E700EB4CC2 /* PBXTargetDependency */,
			);
			name = "Pokemon AppUITests";
			productName = "Pokemon AppUITests";
			productReference = 3053A2172ACD63E700EB4CC2 /* Pokemon AppUITests.xctest */;
			productType = "com.apple.product-type.bundle.ui-testing";
		};
/* End PBXNativeTarget section */

/* Begin PBXProject section */
		3053A1EF2ACD63E500EB4CC2 /* Project object */ = {
			isa = PBXProject;
			attributes = {
				BuildIndependentTargetsInParallel = 1;
				LastSwiftUpdateCheck = 1500;
				LastUpgradeCheck = 1500;
				TargetAttributes = {
					3053A1F62ACD63E500EB4CC2 = {
						CreatedOnToolsVersion = 15.0;
					};
					3053A20C2ACD63E700EB4CC2 = {
						CreatedOnToolsVersion = 15.0;
						TestTargetID = 3053A1F62ACD63E500EB4CC2;
					};
					3053A2162ACD63E700EB4CC2 = {
						CreatedOnToolsVersion = 15.0;
						TestTargetID = 3053A1F62ACD63E500EB4CC2;
					};
				};
			};
			buildConfigurationList = 3053A1F22ACD63E500EB4CC2 /* Build configuration list for PBXProject "Pokemon App" */;
			compatibilityVersion = "Xcode 14.0";
			developmentRegion = en;
			hasScannedForEncodings = 0;
			knownRegions = (
				en,
				Base,
			);
			mainGroup = 3053A1EE2ACD63E500EB4CC2;
			packageReferences = (
				3053A2322ACD71B100EB4CC2 /* XCRemoteSwiftPackageReference "Reachability" */,
				30802DD92ACDE6E000686A35 /* XCRemoteSwiftPackageReference "RxSwift" */,
				30802DF12ACEC2FC00686A35 /* XCRemoteSwiftPackageReference "AlamofireImage" */,
			);
			productRefGroup = 3053A1F82ACD63E500EB4CC2 /* Products */;
			projectDirPath = "";
			projectRoot = "";
			targets = (
				3053A1F62ACD63E500EB4CC2 /* Pokemon App */,
				3053A20C2ACD63E700EB4CC2 /* Pokemon AppTests */,
				3053A2162ACD63E700EB4CC2 /* Pokemon AppUITests */,
			);
		};
/* End PBXProject section */

/* Begin PBXResourcesBuildPhase section */
		3053A1F52ACD63E500EB4CC2 /* Resources */ = {
			isa = PBXResourcesBuildPhase;
			buildActionMask = 2147483647;
			files = (
				30802E082ACEF4C300686A35 /* CardDetailView.storyboard in Resources */,
				3053A2042ACD63E700EB4CC2 /* Assets.xcassets in Resources */,
				3053A2482ACD983000EB4CC2 /* Favorites.storyboard in Resources */,
				30802DEE2ACEB03000686A35 /* CardsViewCell.xib in Resources */,
				3053A2312ACD6E8900EB4CC2 /* Splash.storyboard in Resources */,
				30802E012ACED0B200686A35 /* SearchResults.storyboard in Resources */,
				30802DE92ACE2C9700686A35 /* CardsView.xib in Resources */,
				3053A2462ACD96B100EB4CC2 /* Search.storyboard in Resources */,
			);
			runOnlyForDeploymentPostprocessing = 0;
		};
		3053A20B2ACD63E700EB4CC2 /* Resources */ = {
			isa = PBXResourcesBuildPhase;
			buildActionMask = 2147483647;
			files = (
			);
			runOnlyForDeploymentPostprocessing = 0;
		};
		3053A2152ACD63E700EB4CC2 /* Resources */ = {
			isa = PBXResourcesBuildPhase;
			buildActionMask = 2147483647;
			files = (
			);
			runOnlyForDeploymentPostprocessing = 0;
		};
/* End PBXResourcesBuildPhase section */

/* Begin PBXSourcesBuildPhase section */
		3053A1F32ACD63E500EB4CC2 /* Sources */ = {
			isa = PBXSourcesBuildPhase;
			buildActionMask = 2147483647;
			files = (
				30802DF02ACEC2D400686A35 /* UIImageView+Extensions.swift in Sources */,
				30802DE32ACE14BC00686A35 /* UIView+Extensions.swift in Sources */,
				3053A2442ACD93D700EB4CC2 /* SearchViewController.swift in Sources */,
				3053A2372ACD791C00EB4CC2 /* BaseCoordinator.swift in Sources */,
				3053A2402ACD7D0D00EB4CC2 /* HomeCoordinator.swift in Sources */,
				30802E132AD02C4100686A35 /* CardDetailViewModel.swift in Sources */,
				3053A22C2ACD646800EB4CC2 /* BaseViewController.swift in Sources */,
				30802E032ACEDB6C00686A35 /* SearchViewModel.swift in Sources */,
				30802E112AD01E1400686A35 /* FavoritesManager.swift in Sources */,
				30802DD72ACDE5B100686A35 /* BaseViewModel.swift in Sources */,
				30802DFC2ACECE9200686A35 /* CardRepository.swift in Sources */,
				3053A23C2ACD7C9E00EB4CC2 /* HomeViewController.swift in Sources */,
				30802DF62ACECAF900686A35 /* CardsResult.swift in Sources */,
				30802E0C2AD01C2900686A35 /* DataModel.xcdatamodeld in Sources */,
				30802DEC2ACEAFCE00686A35 /* CardsViewCell.swift in Sources */,
				30802DE02ACE0EC600686A35 /* CardsView.swift in Sources */,
				30802E062ACEF4BA00686A35 /* CardDetailViewController.swift in Sources */,
				30802DFF2ACED0A800686A35 /* SearchResultsViewController.swift in Sources */,
				3053A24A2ACD983900EB4CC2 /* FavoritesViewController.swift in Sources */,
				30802DF92ACECE2C00686A35 /* NetworkLayer.swift in Sources */,
				3053A1FB2ACD63E500EB4CC2 /* AppDelegate.swift in Sources */,
				3053A1FD2ACD63E500EB4CC2 /* SceneDelegate.swift in Sources */,
				3053A22E2ACD677A00EB4CC2 /* SplashViewController.swift in Sources */,
				3053A2392ACD795400EB4CC2 /* ApplicationCoordinator.swift in Sources */,
			);
			runOnlyForDeploymentPostprocessing = 0;
		};
		3053A2092ACD63E700EB4CC2 /* Sources */ = {
			isa = PBXSourcesBuildPhase;
			buildActionMask = 2147483647;
			files = (
				3053A2122ACD63E700EB4CC2 /* Pokemon_AppTests.swift in Sources */,
			);
			runOnlyForDeploymentPostprocessing = 0;
		};
		3053A2132ACD63E700EB4CC2 /* Sources */ = {
			isa = PBXSourcesBuildPhase;
			buildActionMask = 2147483647;
			files = (
				3053A21E2ACD63E700EB4CC2 /* Pokemon_AppUITestsLaunchTests.swift in Sources */,
				3053A21C2ACD63E700EB4CC2 /* Pokemon_AppUITests.swift in Sources */,
			);
			runOnlyForDeploymentPostprocessing = 0;
		};
/* End PBXSourcesBuildPhase section */

/* Begin PBXTargetDependency section */
		3053A20F2ACD63E700EB4CC2 /* PBXTargetDependency */ = {
			isa = PBXTargetDependency;
			target = 3053A1F62ACD63E500EB4CC2 /* Pokemon App */;
			targetProxy = 3053A20E2ACD63E700EB4CC2 /* PBXContainerItemProxy */;
		};
		3053A2192ACD63E700EB4CC2 /* PBXTargetDependency */ = {
			isa = PBXTargetDependency;
			target = 3053A1F62ACD63E500EB4CC2 /* Pokemon App */;
			targetProxy = 3053A2182ACD63E700EB4CC2 /* PBXContainerItemProxy */;
		};
/* End PBXTargetDependency section */

/* Begin XCBuildConfiguration section */
		3053A21F2ACD63E700EB4CC2 /* Debug */ = {
			isa = XCBuildConfiguration;
			buildSettings = {
				ALWAYS_SEARCH_USER_PATHS = NO;
				ASSETCATALOG_COMPILER_GENERATE_SWIFT_ASSET_SYMBOL_EXTENSIONS = YES;
				CLANG_ANALYZER_NONNULL = YES;
				CLANG_ANALYZER_NUMBER_OBJECT_CONVERSION = YES_AGGRESSIVE;
				CLANG_CXX_LANGUAGE_STANDARD = "gnu++20";
				CLANG_ENABLE_MODULES = YES;
				CLANG_ENABLE_OBJC_ARC = YES;
				CLANG_ENABLE_OBJC_WEAK = YES;
				CLANG_WARN_BLOCK_CAPTURE_AUTORELEASING = YES;
				CLANG_WARN_BOOL_CONVERSION = YES;
				CLANG_WARN_COMMA = YES;
				CLANG_WARN_CONSTANT_CONVERSION = YES;
				CLANG_WARN_DEPRECATED_OBJC_IMPLEMENTATIONS = YES;
				CLANG_WARN_DIRECT_OBJC_ISA_USAGE = YES_ERROR;
				CLANG_WARN_DOCUMENTATION_COMMENTS = YES;
				CLANG_WARN_EMPTY_BODY = YES;
				CLANG_WARN_ENUM_CONVERSION = YES;
				CLANG_WARN_INFINITE_RECURSION = YES;
				CLANG_WARN_INT_CONVERSION = YES;
				CLANG_WARN_NON_LITERAL_NULL_CONVERSION = YES;
				CLANG_WARN_OBJC_IMPLICIT_RETAIN_SELF = YES;
				CLANG_WARN_OBJC_LITERAL_CONVERSION = YES;
				CLANG_WARN_OBJC_ROOT_CLASS = YES_ERROR;
				CLANG_WARN_QUOTED_INCLUDE_IN_FRAMEWORK_HEADER = YES;
				CLANG_WARN_RANGE_LOOP_ANALYSIS = YES;
				CLANG_WARN_STRICT_PROTOTYPES = YES;
				CLANG_WARN_SUSPICIOUS_MOVE = YES;
				CLANG_WARN_UNGUARDED_AVAILABILITY = YES_AGGRESSIVE;
				CLANG_WARN_UNREACHABLE_CODE = YES;
				CLANG_WARN__DUPLICATE_METHOD_MATCH = YES;
				COPY_PHASE_STRIP = NO;
				DEBUG_INFORMATION_FORMAT = dwarf;
				ENABLE_STRICT_OBJC_MSGSEND = YES;
				ENABLE_TESTABILITY = YES;
				ENABLE_USER_SCRIPT_SANDBOXING = YES;
				GCC_C_LANGUAGE_STANDARD = gnu17;
				GCC_DYNAMIC_NO_PIC = NO;
				GCC_NO_COMMON_BLOCKS = YES;
				GCC_OPTIMIZATION_LEVEL = 0;
				GCC_PREPROCESSOR_DEFINITIONS = (
					"DEBUG=1",
					"$(inherited)",
				);
				GCC_WARN_64_TO_32_BIT_CONVERSION = YES;
				GCC_WARN_ABOUT_RETURN_TYPE = YES_ERROR;
				GCC_WARN_UNDECLARED_SELECTOR = YES;
				GCC_WARN_UNINITIALIZED_AUTOS = YES_AGGRESSIVE;
				GCC_WARN_UNUSED_FUNCTION = YES;
				GCC_WARN_UNUSED_VARIABLE = YES;
				IPHONEOS_DEPLOYMENT_TARGET = 17.0;
				LOCALIZATION_PREFERS_STRING_CATALOGS = YES;
				MTL_ENABLE_DEBUG_INFO = INCLUDE_SOURCE;
				MTL_FAST_MATH = YES;
				ONLY_ACTIVE_ARCH = YES;
				SDKROOT = iphoneos;
				SWIFT_ACTIVE_COMPILATION_CONDITIONS = "DEBUG $(inherited)";
				SWIFT_OPTIMIZATION_LEVEL = "-Onone";
			};
			name = Debug;
		};
		3053A2202ACD63E700EB4CC2 /* Release */ = {
			isa = XCBuildConfiguration;
			buildSettings = {
				ALWAYS_SEARCH_USER_PATHS = NO;
				ASSETCATALOG_COMPILER_GENERATE_SWIFT_ASSET_SYMBOL_EXTENSIONS = YES;
				CLANG_ANALYZER_NONNULL = YES;
				CLANG_ANALYZER_NUMBER_OBJECT_CONVERSION = YES_AGGRESSIVE;
				CLANG_CXX_LANGUAGE_STANDARD = "gnu++20";
				CLANG_ENABLE_MODULES = YES;
				CLANG_ENABLE_OBJC_ARC = YES;
				CLANG_ENABLE_OBJC_WEAK = YES;
				CLANG_WARN_BLOCK_CAPTURE_AUTORELEASING = YES;
				CLANG_WARN_BOOL_CONVERSION = YES;
				CLANG_WARN_COMMA = YES;
				CLANG_WARN_CONSTANT_CONVERSION = YES;
				CLANG_WARN_DEPRECATED_OBJC_IMPLEMENTATIONS = YES;
				CLANG_WARN_DIRECT_OBJC_ISA_USAGE = YES_ERROR;
				CLANG_WARN_DOCUMENTATION_COMMENTS = YES;
				CLANG_WARN_EMPTY_BODY = YES;
				CLANG_WARN_ENUM_CONVERSION = YES;
				CLANG_WARN_INFINITE_RECURSION = YES;
				CLANG_WARN_INT_CONVERSION = YES;
				CLANG_WARN_NON_LITERAL_NULL_CONVERSION = YES;
				CLANG_WARN_OBJC_IMPLICIT_RETAIN_SELF = YES;
				CLANG_WARN_OBJC_LITERAL_CONVERSION = YES;
				CLANG_WARN_OBJC_ROOT_CLASS = YES_ERROR;
				CLANG_WARN_QUOTED_INCLUDE_IN_FRAMEWORK_HEADER = YES;
				CLANG_WARN_RANGE_LOOP_ANALYSIS = YES;
				CLANG_WARN_STRICT_PROTOTYPES = YES;
				CLANG_WARN_SUSPICIOUS_MOVE = YES;
				CLANG_WARN_UNGUARDED_AVAILABILITY = YES_AGGRESSIVE;
				CLANG_WARN_UNREACHABLE_CODE = YES;
				CLANG_WARN__DUPLICATE_METHOD_MATCH = YES;
				COPY_PHASE_STRIP = NO;
				DEBUG_INFORMATION_FORMAT = "dwarf-with-dsym";
				ENABLE_NS_ASSERTIONS = NO;
				ENABLE_STRICT_OBJC_MSGSEND = YES;
				ENABLE_USER_SCRIPT_SANDBOXING = YES;
				GCC_C_LANGUAGE_STANDARD = gnu17;
				GCC_NO_COMMON_BLOCKS = YES;
				GCC_WARN_64_TO_32_BIT_CONVERSION = YES;
				GCC_WARN_ABOUT_RETURN_TYPE = YES_ERROR;
				GCC_WARN_UNDECLARED_SELECTOR = YES;
				GCC_WARN_UNINITIALIZED_AUTOS = YES_AGGRESSIVE;
				GCC_WARN_UNUSED_FUNCTION = YES;
				GCC_WARN_UNUSED_VARIABLE = YES;
				IPHONEOS_DEPLOYMENT_TARGET = 17.0;
				LOCALIZATION_PREFERS_STRING_CATALOGS = YES;
				MTL_ENABLE_DEBUG_INFO = NO;
				MTL_FAST_MATH = YES;
				SDKROOT = iphoneos;
				SWIFT_COMPILATION_MODE = wholemodule;
				VALIDATE_PRODUCT = YES;
			};
			name = Release;
		};
		3053A2222ACD63E700EB4CC2 /* Debug */ = {
			isa = XCBuildConfiguration;
			buildSettings = {
				ASSETCATALOG_COMPILER_APPICON_NAME = AppIcon;
				ASSETCATALOG_COMPILER_GLOBAL_ACCENT_COLOR_NAME = AccentColor;
				CODE_SIGN_STYLE = Automatic;
				CURRENT_PROJECT_VERSION = 1;
				DEVELOPMENT_TEAM = 3K8WJZJ3WC;
				GENERATE_INFOPLIST_FILE = YES;
				INFOPLIST_FILE = "Pokemon App/Info.plist";
				INFOPLIST_KEY_UIApplicationSupportsIndirectInputEvents = YES;
				INFOPLIST_KEY_UILaunchStoryboardName = LaunchScreen;
				INFOPLIST_KEY_UISupportedInterfaceOrientations_iPad = "UIInterfaceOrientationPortrait UIInterfaceOrientationPortraitUpsideDown UIInterfaceOrientationLandscapeLeft UIInterfaceOrientationLandscapeRight";
				INFOPLIST_KEY_UISupportedInterfaceOrientations_iPhone = "UIInterfaceOrientationPortrait UIInterfaceOrientationLandscapeLeft UIInterfaceOrientationLandscapeRight";
				LD_RUNPATH_SEARCH_PATHS = (
					"$(inherited)",
					"@executable_path/Frameworks",
				);
				MARKETING_VERSION = 1.0;
				PRODUCT_BUNDLE_IDENTIFIER = "com.umitemreaydin.Pokemon-App";
				PRODUCT_NAME = "$(TARGET_NAME)";
				SWIFT_EMIT_LOC_STRINGS = YES;
				SWIFT_VERSION = 5.0;
				TARGETED_DEVICE_FAMILY = "1,2";
			};
			name = Debug;
		};
		3053A2232ACD63E700EB4CC2 /* Release */ = {
			isa = XCBuildConfiguration;
			buildSettings = {
				ASSETCATALOG_COMPILER_APPICON_NAME = AppIcon;
				ASSETCATALOG_COMPILER_GLOBAL_ACCENT_COLOR_NAME = AccentColor;
				CODE_SIGN_STYLE = Automatic;
				CURRENT_PROJECT_VERSION = 1;
				DEVELOPMENT_TEAM = 3K8WJZJ3WC;
				GENERATE_INFOPLIST_FILE = YES;
				INFOPLIST_FILE = "Pokemon App/Info.plist";
				INFOPLIST_KEY_UIApplicationSupportsIndirectInputEvents = YES;
				INFOPLIST_KEY_UILaunchStoryboardName = LaunchScreen;
				INFOPLIST_KEY_UISupportedInterfaceOrientations_iPad = "UIInterfaceOrientationPortrait UIInterfaceOrientationPortraitUpsideDown UIInterfaceOrientationLandscapeLeft UIInterfaceOrientationLandscapeRight";
				INFOPLIST_KEY_UISupportedInterfaceOrientations_iPhone = "UIInterfaceOrientationPortrait UIInterfaceOrientationLandscapeLeft UIInterfaceOrientationLandscapeRight";
				LD_RUNPATH_SEARCH_PATHS = (
					"$(inherited)",
					"@executable_path/Frameworks",
				);
				MARKETING_VERSION = 1.0;
				PRODUCT_BUNDLE_IDENTIFIER = "com.umitemreaydin.Pokemon-App";
				PRODUCT_NAME = "$(TARGET_NAME)";
				SWIFT_EMIT_LOC_STRINGS = YES;
				SWIFT_VERSION = 5.0;
				TARGETED_DEVICE_FAMILY = "1,2";
			};
			name = Release;
		};
		3053A2252ACD63E700EB4CC2 /* Debug */ = {
			isa = XCBuildConfiguration;
			buildSettings = {
				ALWAYS_EMBED_SWIFT_STANDARD_LIBRARIES = YES;
				BUNDLE_LOADER = "$(TEST_HOST)";
				CODE_SIGN_STYLE = Automatic;
				CURRENT_PROJECT_VERSION = 1;
				DEVELOPMENT_TEAM = 3K8WJZJ3WC;
				GENERATE_INFOPLIST_FILE = YES;
				IPHONEOS_DEPLOYMENT_TARGET = 17.0;
				MARKETING_VERSION = 1.0;
				PRODUCT_BUNDLE_IDENTIFIER = "com.umitemreaydin.Pokemon-AppTests";
				PRODUCT_NAME = "$(TARGET_NAME)";
				SWIFT_EMIT_LOC_STRINGS = NO;
				SWIFT_VERSION = 5.0;
				TARGETED_DEVICE_FAMILY = "1,2";
				TEST_HOST = "$(BUILT_PRODUCTS_DIR)/Pokemon App.app/$(BUNDLE_EXECUTABLE_FOLDER_PATH)/Pokemon App";
			};
			name = Debug;
		};
		3053A2262ACD63E700EB4CC2 /* Release */ = {
			isa = XCBuildConfiguration;
			buildSettings = {
				ALWAYS_EMBED_SWIFT_STANDARD_LIBRARIES = YES;
				BUNDLE_LOADER = "$(TEST_HOST)";
				CODE_SIGN_STYLE = Automatic;
				CURRENT_PROJECT_VERSION = 1;
				DEVELOPMENT_TEAM = 3K8WJZJ3WC;
				GENERATE_INFOPLIST_FILE = YES;
				IPHONEOS_DEPLOYMENT_TARGET = 17.0;
				MARKETING_VERSION = 1.0;
				PRODUCT_BUNDLE_IDENTIFIER = "com.umitemreaydin.Pokemon-AppTests";
				PRODUCT_NAME = "$(TARGET_NAME)";
				SWIFT_EMIT_LOC_STRINGS = NO;
				SWIFT_VERSION = 5.0;
				TARGETED_DEVICE_FAMILY = "1,2";
				TEST_HOST = "$(BUILT_PRODUCTS_DIR)/Pokemon App.app/$(BUNDLE_EXECUTABLE_FOLDER_PATH)/Pokemon App";
			};
			name = Release;
		};
		3053A2282ACD63E700EB4CC2 /* Debug */ = {
			isa = XCBuildConfiguration;
			buildSettings = {
				ALWAYS_EMBED_SWIFT_STANDARD_LIBRARIES = YES;
				CODE_SIGN_STYLE = Automatic;
				CURRENT_PROJECT_VERSION = 1;
				DEVELOPMENT_TEAM = 3K8WJZJ3WC;
				GENERATE_INFOPLIST_FILE = YES;
				MARKETING_VERSION = 1.0;
				PRODUCT_BUNDLE_IDENTIFIER = "com.umitemreaydin.Pokemon-AppUITests";
				PRODUCT_NAME = "$(TARGET_NAME)";
				SWIFT_EMIT_LOC_STRINGS = NO;
				SWIFT_VERSION = 5.0;
				TARGETED_DEVICE_FAMILY = "1,2";
				TEST_TARGET_NAME = "Pokemon App";
			};
			name = Debug;
		};
		3053A2292ACD63E700EB4CC2 /* Release */ = {
			isa = XCBuildConfiguration;
			buildSettings = {
				ALWAYS_EMBED_SWIFT_STANDARD_LIBRARIES = YES;
				CODE_SIGN_STYLE = Automatic;
				CURRENT_PROJECT_VERSION = 1;
				DEVELOPMENT_TEAM = 3K8WJZJ3WC;
				GENERATE_INFOPLIST_FILE = YES;
				MARKETING_VERSION = 1.0;
				PRODUCT_BUNDLE_IDENTIFIER = "com.umitemreaydin.Pokemon-AppUITests";
				PRODUCT_NAME = "$(TARGET_NAME)";
				SWIFT_EMIT_LOC_STRINGS = NO;
				SWIFT_VERSION = 5.0;
				TARGETED_DEVICE_FAMILY = "1,2";
				TEST_TARGET_NAME = "Pokemon App";
			};
			name = Release;
		};
/* End XCBuildConfiguration section */

/* Begin XCConfigurationList section */
		3053A1F22ACD63E500EB4CC2 /* Build configuration list for PBXProject "Pokemon App" */ = {
			isa = XCConfigurationList;
			buildConfigurations = (
				3053A21F2ACD63E700EB4CC2 /* Debug */,
				3053A2202ACD63E700EB4CC2 /* Release */,
			);
			defaultConfigurationIsVisible = 0;
			defaultConfigurationName = Release;
		};
		3053A2212ACD63E700EB4CC2 /* Build configuration list for PBXNativeTarget "Pokemon App" */ = {
			isa = XCConfigurationList;
			buildConfigurations = (
				3053A2222ACD63E700EB4CC2 /* Debug */,
				3053A2232ACD63E700EB4CC2 /* Release */,
			);
			defaultConfigurationIsVisible = 0;
			defaultConfigurationName = Release;
		};
		3053A2242ACD63E700EB4CC2 /* Build configuration list for PBXNativeTarget "Pokemon AppTests" */ = {
			isa = XCConfigurationList;
			buildConfigurations = (
				3053A2252ACD63E700EB4CC2 /* Debug */,
				3053A2262ACD63E700EB4CC2 /* Release */,
			);
			defaultConfigurationIsVisible = 0;
			defaultConfigurationName = Release;
		};
		3053A2272ACD63E700EB4CC2 /* Build configuration list for PBXNativeTarget "Pokemon AppUITests" */ = {
			isa = XCConfigurationList;
			buildConfigurations = (
				3053A2282ACD63E700EB4CC2 /* Debug */,
				3053A2292ACD63E700EB4CC2 /* Release */,
			);
			defaultConfigurationIsVisible = 0;
			defaultConfigurationName = Release;
		};
/* End XCConfigurationList section */

/* Begin XCRemoteSwiftPackageReference section */
		3053A2322ACD71B100EB4CC2 /* XCRemoteSwiftPackageReference "Reachability" */ = {
			isa = XCRemoteSwiftPackageReference;
			repositoryURL = "https://github.com/ashleymills/Reachability.swift";
			requirement = {
				branch = master;
				kind = branch;
			};
		};
		30802DD92ACDE6E000686A35 /* XCRemoteSwiftPackageReference "RxSwift" */ = {
			isa = XCRemoteSwiftPackageReference;
			repositoryURL = "https://github.com/ReactiveX/RxSwift.git";
			requirement = {
				branch = main;
				kind = branch;
			};
		};
		30802DF12ACEC2FC00686A35 /* XCRemoteSwiftPackageReference "AlamofireImage" */ = {
			isa = XCRemoteSwiftPackageReference;
			repositoryURL = "https://github.com/Alamofire/AlamofireImage.git";
			requirement = {
				kind = upToNextMajorVersion;
				minimumVersion = 4.3.0;
			};
		};
/* End XCRemoteSwiftPackageReference section */

/* Begin XCSwiftPackageProductDependency section */
		3053A2332ACD71B100EB4CC2 /* Reachability */ = {
			isa = XCSwiftPackageProductDependency;
			package = 3053A2322ACD71B100EB4CC2 /* XCRemoteSwiftPackageReference "Reachability" */;
			productName = Reachability;
		};
		30802DDB2ACDE77D00686A35 /* RxSwift */ = {
			isa = XCSwiftPackageProductDependency;
			package = 30802DD92ACDE6E000686A35 /* XCRemoteSwiftPackageReference "RxSwift" */;
			productName = RxSwift;
		};
		30802DF22ACEC2FC00686A35 /* AlamofireImage */ = {
			isa = XCSwiftPackageProductDependency;
			package = 30802DF12ACEC2FC00686A35 /* XCRemoteSwiftPackageReference "AlamofireImage" */;
			productName = AlamofireImage;
		};
/* End XCSwiftPackageProductDependency section */

/* Begin XCVersionGroup section */
		30802E0A2AD01C2900686A35 /* DataModel.xcdatamodeld */ = {
			isa = XCVersionGroup;
			children = (
				30802E0B2AD01C2900686A35 /* DataModel.xcdatamodel */,
			);
			currentVersion = 30802E0B2AD01C2900686A35 /* DataModel.xcdatamodel */;
			path = DataModel.xcdatamodeld;
			sourceTree = "<group>";
			versionGroupType = wrapper.xcdatamodel;
		};
/* End XCVersionGroup section */
	};
	rootObject = 3053A1EF2ACD63E500EB4CC2 /* Project object */;
}
